
Microsoft Visual Studio Solution File, Format Version 12.00
# Visual Studio Version 17
VisualStudioVersion = 17.9.34728.123
MinimumVisualStudioVersion = 10.0.40219.1
Project("{FAE04EC0-301F-11D3-BF4B-00C04F79EFBC}") = "MauiApp1", "MauiApp1.csproj", "{A0C7E603-CE7D-4AE3-AD8F-BB4E09C634F0}"
EndProject
Global
	GlobalSection(SolutionConfigurationPlatforms) = preSolution
		Debug|Any CPU = Debug|Any CPU
		Release|Any CPU = Release|Any CPU
	EndGlobalSection
	GlobalSection(ProjectConfigurationPlatforms) = postSolution
		{A0C7E603-CE7D-4AE3-AD8F-BB4E09C634F0}.Debug|Any CPU.ActiveCfg = Debug|Any CPU
		{A0C7E603-CE7D-4AE3-AD8F-BB4E09C634F0}.Debug|Any CPU.Build.0 = Debug|Any CPU
		{A0C7E603-CE7D-4AE3-AD8F-BB4E09C634F0}.Debug|Any CPU.Deploy.0 = Debug|Any CPU
		{A0C7E603-CE7D-4AE3-AD8F-BB4E09C634F0}.Release|Any CPU.ActiveCfg = Release|Any CPU
		{A0C7E603-CE7D-4AE3-AD8F-BB4E09C634F0}.Release|Any CPU.Build.0 = Release|Any CPU
		{A0C7E603-CE7D-4AE3-AD8F-BB4E09C634F0}.Release|Any CPU.Deploy.0 = Release|Any CPU
	EndGlobalSection
	GlobalSection(SolutionProperties) = preSolution
		HideSolutionNode = FALSE
	EndGlobalSection
	GlobalSection(ExtensibilityGlobals) = postSolution
		SolutionGuid = {9D05000F-F83C-451E-BE11-6320F570023A}
	EndGlobalSection
EndGlobal
